// !$*UTF8*$!
{
	archiveVersion = 1;
	classes = {
	};
	objectVersion = 50;
	objects = {

/* Begin PBXBuildFile section */
		880D3F9C20FCF4CF004F05F2 /* AppDelegate.swift in Sources */ = {isa = PBXBuildFile; fileRef = 880D3F9B20FCF4CF004F05F2 /* AppDelegate.swift */; };
		880D3F9E20FCF4CF004F05F2 /* ViewController.swift in Sources */ = {isa = PBXBuildFile; fileRef = 880D3F9D20FCF4CF004F05F2 /* ViewController.swift */; };
		880D3FA120FCF4CF004F05F2 /* Main.storyboard in Resources */ = {isa = PBXBuildFile; fileRef = 880D3F9F20FCF4CF004F05F2 /* Main.storyboard */; };
		880D3FA320FCF4D2004F05F2 /* Assets.xcassets in Resources */ = {isa = PBXBuildFile; fileRef = 880D3FA220FCF4D2004F05F2 /* Assets.xcassets */; };
		880D3FA620FCF4D2004F05F2 /* LaunchScreen.storyboard in Resources */ = {isa = PBXBuildFile; fileRef = 880D3FA420FCF4D2004F05F2 /* LaunchScreen.storyboard */; };
		880D3FB120FCF4D2004F05F2 /* StanfordCourseAppTests.swift in Sources */ = {isa = PBXBuildFile; fileRef = 880D3FB020FCF4D2004F05F2 /* StanfordCourseAppTests.swift */; };
		880D3FBC20FCF4D2004F05F2 /* StanfordCourseAppUITests.swift in Sources */ = {isa = PBXBuildFile; fileRef = 880D3FBB20FCF4D2004F05F2 /* StanfordCourseAppUITests.swift */; };
		884217D2211DB68C00E836C7 /* Concentration.swift in Sources */ = {isa = PBXBuildFile; fileRef = 884217D1211DB68C00E836C7 /* Concentration.swift */; };
		884217D4211DB78200E836C7 /* Card.swift in Sources */ = {isa = PBXBuildFile; fileRef = 884217D3211DB78200E836C7 /* Card.swift */; };
/* End PBXBuildFile section */

/* Begin PBXContainerItemProxy section */
		880D3FAD20FCF4D2004F05F2 /* PBXContainerItemProxy */ = {
			isa = PBXContainerItemProxy;
			containerPortal = 880D3F9020FCF4CF004F05F2 /* Project object */;
			proxyType = 1;
			remoteGlobalIDString = 880D3F9720FCF4CF004F05F2;
			remoteInfo = StanfordCourseApp;
		};
		880D3FB820FCF4D2004F05F2 /* PBXContainerItemProxy */ = {
			isa = PBXContainerItemProxy;
			containerPortal = 880D3F9020FCF4CF004F05F2 /* Project object */;
			proxyType = 1;
			remoteGlobalIDString = 880D3F9720FCF4CF004F05F2;
			remoteInfo = StanfordCourseApp;
		};
/* End PBXContainerItemProxy section */

/* Begin PBXFileReference section */
		880D3F9820FCF4CF004F05F2 /* StanfordCourseApp.app */ = {isa = PBXFileReference; explicitFileType = wrapper.application; includeInIndex = 0; path = StanfordCourseApp.app; sourceTree = BUILT_PRODUCTS_DIR; };
		880D3F9B20FCF4CF004F05F2 /* AppDelegate.swift */ = {isa = PBXFileReference; lastKnownFileType = sourcecode.swift; path = AppDelegate.swift; sourceTree = "<group>"; };
		880D3F9D20FCF4CF004F05F2 /* ViewController.swift */ = {isa = PBXFileReference; lastKnownFileType = sourcecode.swift; path = ViewController.swift; sourceTree = "<group>"; };
		880D3FA020FCF4CF004F05F2 /* Base */ = {isa = PBXFileReference; lastKnownFileType = file.storyboard; name = Base; path = Base.lproj/Main.storyboard; sourceTree = "<group>"; };
		880D3FA220FCF4D2004F05F2 /* Assets.xcassets */ = {isa = PBXFileReference; lastKnownFileType = folder.assetcatalog; path = Assets.xcassets; sourceTree = "<group>"; };
		880D3FA520FCF4D2004F05F2 /* Base */ = {isa = PBXFileReference; lastKnownFileType = file.storyboard; name = Base; path = Base.lproj/LaunchScreen.storyboard; sourceTree = "<group>"; };
		880D3FA720FCF4D2004F05F2 /* Info.plist */ = {isa = PBXFileReference; lastKnownFileType = text.plist.xml; path = Info.plist; sourceTree = "<group>"; };
		880D3FAC20FCF4D2004F05F2 /* StanfordCourseAppTests.xctest */ = {isa = PBXFileReference; explicitFileType = wrapper.cfbundle; includeInIndex = 0; path = StanfordCourseAppTests.xctest; sourceTree = BUILT_PRODUCTS_DIR; };
		880D3FB020FCF4D2004F05F2 /* StanfordCourseAppTests.swift */ = {isa = PBXFileReference; lastKnownFileType = sourcecode.swift; path = StanfordCourseAppTests.swift; sourceTree = "<group>"; };
		880D3FB220FCF4D2004F05F2 /* Info.plist */ = {isa = PBXFileReference; lastKnownFileType = text.plist.xml; path = Info.plist; sourceTree = "<group>"; };
		880D3FB720FCF4D2004F05F2 /* StanfordCourseAppUITests.xctest */ = {isa = PBXFileReference; explicitFileType = wrapper.cfbundle; includeInIndex = 0; path = StanfordCourseAppUITests.xctest; sourceTree = BUILT_PRODUCTS_DIR; };
		880D3FBB20FCF4D2004F05F2 /* StanfordCourseAppUITests.swift */ = {isa = PBXFileReference; lastKnownFileType = sourcecode.swift; path = StanfordCourseAppUITests.swift; sourceTree = "<group>"; };
		880D3FBD20FCF4D2004F05F2 /* Info.plist */ = {isa = PBXFileReference; lastKnownFileType = text.plist.xml; path = Info.plist; sourceTree = "<group>"; };
		884217D1211DB68C00E836C7 /* Concentration.swift */ = {isa = PBXFileReference; lastKnownFileType = sourcecode.swift; path = Concentration.swift; sourceTree = "<group>"; };
		884217D3211DB78200E836C7 /* Card.swift */ = {isa = PBXFileReference; lastKnownFileType = sourcecode.swift; path = Card.swift; sourceTree = "<group>"; };
/* End PBXFileReference section */

/* Begin PBXFrameworksBuildPhase section */
		880D3F9520FCF4CF004F05F2 /* Frameworks */ = {
			isa = PBXFrameworksBuildPhase;
			buildActionMask = 2147483647;
			files = (
			);
			runOnlyForDeploymentPostprocessing = 0;
		};
		880D3FA920FCF4D2004F05F2 /* Frameworks */ = {
			isa = PBXFrameworksBuildPhase;
			buildActionMask = 2147483647;
			files = (
			);
			runOnlyForDeploymentPostprocessing = 0;
		};
		880D3FB420FCF4D2004F05F2 /* Frameworks */ = {
			isa = PBXFrameworksBuildPhase;
			buildActionMask = 2147483647;
			files = (
			);
			runOnlyForDeploymentPostprocessing = 0;
		};
/* End PBXFrameworksBuildPhase section */

/* Begin PBXGroup section */
		880D3F8F20FCF4CF004F05F2 = {
			isa = PBXGroup;
			children = (
				880D3F9A20FCF4CF004F05F2 /* StanfordCourseApp */,
				880D3FAF20FCF4D2004F05F2 /* StanfordCourseAppTests */,
				880D3FBA20FCF4D2004F05F2 /* StanfordCourseAppUITests */,
				880D3F9920FCF4CF004F05F2 /* Products */,
			);
			sourceTree = "<group>";
		};
		880D3F9920FCF4CF004F05F2 /* Products */ = {
			isa = PBXGroup;
			children = (
				880D3F9820FCF4CF004F05F2 /* StanfordCourseApp.app */,
				880D3FAC20FCF4D2004F05F2 /* StanfordCourseAppTests.xctest */,
				880D3FB720FCF4D2004F05F2 /* StanfordCourseAppUITests.xctest */,
			);
			name = Products;
			sourceTree = "<group>";
		};
		880D3F9A20FCF4CF004F05F2 /* StanfordCourseApp */ = {
			isa = PBXGroup;
			children = (
				884217D1211DB68C00E836C7 /* Concentration.swift */,
				884217D3211DB78200E836C7 /* Card.swift */,
				880D3F9D20FCF4CF004F05F2 /* ViewController.swift */,
				880D3FC920FD0276004F05F2 /* Supporting Files */,
				880D3F9F20FCF4CF004F05F2 /* Main.storyboard */,
				880D3FA720FCF4D2004F05F2 /* Info.plist */,
			);
			path = StanfordCourseApp;
			sourceTree = "<group>";
		};
		880D3FAF20FCF4D2004F05F2 /* StanfordCourseAppTests */ = {
			isa = PBXGroup;
			children = (
				880D3FB020FCF4D2004F05F2 /* StanfordCourseAppTests.swift */,
				880D3FB220FCF4D2004F05F2 /* Info.plist */,
			);
			path = StanfordCourseAppTests;
			sourceTree = "<group>";
		};
		880D3FBA20FCF4D2004F05F2 /* StanfordCourseAppUITests */ = {
			isa = PBXGroup;
			children = (
				880D3FBB20FCF4D2004F05F2 /* StanfordCourseAppUITests.swift */,
				880D3FBD20FCF4D2004F05F2 /* Info.plist */,
			);
			path = StanfordCourseAppUITests;
			sourceTree = "<group>";
		};
		880D3FC920FD0276004F05F2 /* Supporting Files */ = {
			isa = PBXGroup;
			children = (
				880D3F9B20FCF4CF004F05F2 /* AppDelegate.swift */,
				880D3FA220FCF4D2004F05F2 /* Assets.xcassets */,
				880D3FA420FCF4D2004F05F2 /* LaunchScreen.storyboard */,
			);
			path = "Supporting Files";
			sourceTree = "<group>";
		};
/* End PBXGroup section */

/* Begin PBXNativeTarget section */
		880D3F9720FCF4CF004F05F2 /* StanfordCourseApp */ = {
			isa = PBXNativeTarget;
			buildConfigurationList = 880D3FC020FCF4D2004F05F2 /* Build configuration list for PBXNativeTarget "StanfordCourseApp" */;
			buildPhases = (
				880D3F9420FCF4CF004F05F2 /* Sources */,
				880D3F9520FCF4CF004F05F2 /* Frameworks */,
				880D3F9620FCF4CF004F05F2 /* Resources */,
			);
			buildRules = (
			);
			dependencies = (
			);
			name = StanfordCourseApp;
			productName = StanfordCourseApp;
			productReference = 880D3F9820FCF4CF004F05F2 /* StanfordCourseApp.app */;
			productType = "com.apple.product-type.application";
		};
		880D3FAB20FCF4D2004F05F2 /* StanfordCourseAppTests */ = {
			isa = PBXNativeTarget;
			buildConfigurationList = 880D3FC320FCF4D2004F05F2 /* Build configuration list for PBXNativeTarget "StanfordCourseAppTests" */;
			buildPhases = (
				880D3FA820FCF4D2004F05F2 /* Sources */,
				880D3FA920FCF4D2004F05F2 /* Frameworks */,
				880D3FAA20FCF4D2004F05F2 /* Resources */,
			);
			buildRules = (
			);
			dependencies = (
				880D3FAE20FCF4D2004F05F2 /* PBXTargetDependency */,
			);
			name = StanfordCourseAppTests;
			productName = StanfordCourseAppTests;
			productReference = 880D3FAC20FCF4D2004F05F2 /* StanfordCourseAppTests.xctest */;
			productType = "com.apple.product-type.bundle.unit-test";
		};
		880D3FB620FCF4D2004F05F2 /* StanfordCourseAppUITests */ = {
			isa = PBXNativeTarget;
			buildConfigurationList = 880D3FC620FCF4D2004F05F2 /* Build configuration list for PBXNativeTarget "StanfordCourseAppUITests" */;
			buildPhases = (
				880D3FB320FCF4D2004F05F2 /* Sources */,
				880D3FB420FCF4D2004F05F2 /* Frameworks */,
				880D3FB520FCF4D2004F05F2 /* Resources */,
			);
			buildRules = (
			);
			dependencies = (
				880D3FB920FCF4D2004F05F2 /* PBXTargetDependency */,
			);
			name = StanfordCourseAppUITests;
			productName = StanfordCourseAppUITests;
			productReference = 880D3FB720FCF4D2004F05F2 /* StanfordCourseAppUITests.xctest */;
			productType = "com.apple.product-type.bundle.ui-testing";
		};
/* End PBXNativeTarget section */

/* Begin PBXProject section */
		880D3F9020FCF4CF004F05F2 /* Project object */ = {
			isa = PBXProject;
			attributes = {
				LastSwiftUpdateCheck = 0940;
				LastUpgradeCheck = 0940;
				ORGANIZATIONNAME = "Monika Śmiałko";
				TargetAttributes = {
					880D3F9720FCF4CF004F05F2 = {
						CreatedOnToolsVersion = 9.4.1;
					};
					880D3FAB20FCF4D2004F05F2 = {
						CreatedOnToolsVersion = 9.4.1;
						TestTargetID = 880D3F9720FCF4CF004F05F2;
					};
					880D3FB620FCF4D2004F05F2 = {
						CreatedOnToolsVersion = 9.4.1;
						TestTargetID = 880D3F9720FCF4CF004F05F2;
					};
				};
			};
			buildConfigurationList = 880D3F9320FCF4CF004F05F2 /* Build configuration list for PBXProject "StanfordCourseApp" */;
			compatibilityVersion = "Xcode 9.3";
			developmentRegion = en;
			hasScannedForEncodings = 0;
			knownRegions = (
				en,
				Base,
			);
			mainGroup = 880D3F8F20FCF4CF004F05F2;
			productRefGroup = 880D3F9920FCF4CF004F05F2 /* Products */;
			projectDirPath = "";
			projectRoot = "";
			targets = (
				880D3F9720FCF4CF004F05F2 /* StanfordCourseApp */,
				880D3FAB20FCF4D2004F05F2 /* StanfordCourseAppTests */,
				880D3FB620FCF4D2004F05F2 /* StanfordCourseAppUITests */,
			);
		};
/* End PBXProject section */

/* Begin PBXResourcesBuildPhase section */
		880D3F9620FCF4CF004F05F2 /* Resources */ = {
			isa = PBXResourcesBuildPhase;
			buildActionMask = 2147483647;
			files = (
				880D3FA620FCF4D2004F05F2 /* LaunchScreen.storyboard in Resources */,
				880D3FA320FCF4D2004F05F2 /* Assets.xcassets in Resources */,
				880D3FA120FCF4CF004F05F2 /* Main.storyboard in Resources */,
			);
			runOnlyForDeploymentPostprocessing = 0;
		};
		880D3FAA20FCF4D2004F05F2 /* Resources */ = {
			isa = PBXResourcesBuildPhase;
			buildActionMask = 2147483647;
			files = (
			);
			runOnlyForDeploymentPostprocessing = 0;
		};
		880D3FB520FCF4D2004F05F2 /* Resources */ = {
			isa = PBXResourcesBuildPhase;
			buildActionMask = 2147483647;
			files = (
			);
			runOnlyForDeploymentPostprocessing = 0;
		};
/* End PBXResourcesBuildPhase section */

/* Begin PBXSourcesBuildPhase section */
		880D3F9420FCF4CF004F05F2 /* Sources */ = {
			isa = PBXSourcesBuildPhase;
			buildActionMask = 2147483647;
			files = (
				880D3F9E20FCF4CF004F05F2 /* ViewController.swift in Sources */,
				880D3F9C20FCF4CF004F05F2 /* AppDelegate.swift in Sources */,
				884217D2211DB68C00E836C7 /* Concentration.swift in Sources */,
				884217D4211DB78200E836C7 /* Card.swift in Sources */,
			);
			runOnlyForDeploymentPostprocessing = 0;
		};
		880D3FA820FCF4D2004F05F2 /* Sources */ = {
			isa = PBXSourcesBuildPhase;
			buildActionMask = 2147483647;
			files = (
				880D3FB120FCF4D2004F05F2 /* StanfordCourseAppTests.swift in Sources */,
			);
			runOnlyForDeploymentPostprocessing = 0;
		};
		880D3FB320FCF4D2004F05F2 /* Sources */ = {
			isa = PBXSourcesBuildPhase;
			buildActionMask = 2147483647;
			files = (
				880D3FBC20FCF4D2004F05F2 /* StanfordCourseAppUITests.swift in Sources */,
			);
			runOnlyForDeploymentPostprocessing = 0;
		};
/* End PBXSourcesBuildPhase section */

/* Begin PBXTargetDependency section */
		880D3FAE20FCF4D2004F05F2 /* PBXTargetDependency */ = {
			isa = PBXTargetDependency;
			target = 880D3F9720FCF4CF004F05F2 /* StanfordCourseApp */;
			targetProxy = 880D3FAD20FCF4D2004F05F2 /* PBXContainerItemProxy */;
		};
		880D3FB920FCF4D2004F05F2 /* PBXTargetDependency */ = {
			isa = PBXTargetDependency;
			target = 880D3F9720FCF4CF004F05F2 /* StanfordCourseApp */;
			targetProxy = 880D3FB820FCF4D2004F05F2 /* PBXContainerItemProxy */;
		};
/* End PBXTargetDependency section */

/* Begin PBXVariantGroup section */
		880D3F9F20FCF4CF004F05F2 /* Main.storyboard */ = {
			isa = PBXVariantGroup;
			children = (
				880D3FA020FCF4CF004F05F2 /* Base */,
			);
			name = Main.storyboard;
			sourceTree = "<group>";
		};
		880D3FA420FCF4D2004F05F2 /* LaunchScreen.storyboard */ = {
			isa = PBXVariantGroup;
			children = (
				880D3FA520FCF4D2004F05F2 /* Base */,
			);
			name = LaunchScreen.storyboard;
			sourceTree = "<group>";
		};
/* End PBXVariantGroup section */

/* Begin XCBuildConfiguration section */
		880D3FBE20FCF4D2004F05F2 /* Debug */ = {
			isa = XCBuildConfiguration;
			buildSettings = {
				ALWAYS_SEARCH_USER_PATHS = NO;
				CLANG_ANALYZER_NONNULL = YES;
				CLANG_ANALYZER_NUMBER_OBJECT_CONVERSION = YES_AGGRESSIVE;
				CLANG_CXX_LANGUAGE_STANDARD = "gnu++14";
				CLANG_CXX_LIBRARY = "libc++";
				CLANG_ENABLE_MODULES = YES;
				CLANG_ENABLE_OBJC_ARC = YES;
				CLANG_ENABLE_OBJC_WEAK = YES;
				CLANG_WARN_BLOCK_CAPTURE_AUTORELEASING = YES;
				CLANG_WARN_BOOL_CONVERSION = YES;
				CLANG_WARN_COMMA = YES;
				CLANG_WARN_CONSTANT_CONVERSION = YES;
				CLANG_WARN_DEPRECATED_OBJC_IMPLEMENTATIONS = YES;
				CLANG_WARN_DIRECT_OBJC_ISA_USAGE = YES_ERROR;
				CLANG_WARN_DOCUMENTATION_COMMENTS = YES;
				CLANG_WARN_EMPTY_BODY = YES;
				CLANG_WARN_ENUM_CONVERSION = YES;
				CLANG_WARN_INFINITE_RECURSION = YES;
				CLANG_WARN_INT_CONVERSION = YES;
				CLANG_WARN_NON_LITERAL_NULL_CONVERSION = YES;
				CLANG_WARN_OBJC_IMPLICIT_RETAIN_SELF = YES;
				CLANG_WARN_OBJC_LITERAL_CONVERSION = YES;
				CLANG_WARN_OBJC_ROOT_CLASS = YES_ERROR;
				CLANG_WARN_RANGE_LOOP_ANALYSIS = YES;
				CLANG_WARN_STRICT_PROTOTYPES = YES;
				CLANG_WARN_SUSPICIOUS_MOVE = YES;
				CLANG_WARN_UNGUARDED_AVAILABILITY = YES_AGGRESSIVE;
				CLANG_WARN_UNREACHABLE_CODE = YES;
				CLANG_WARN__DUPLICATE_METHOD_MATCH = YES;
				CODE_SIGN_IDENTITY = "iPhone Developer";
				COPY_PHASE_STRIP = NO;
				DEBUG_INFORMATION_FORMAT = dwarf;
				ENABLE_STRICT_OBJC_MSGSEND = YES;
				ENABLE_TESTABILITY = YES;
				GCC_C_LANGUAGE_STANDARD = gnu11;
				GCC_DYNAMIC_NO_PIC = NO;
				GCC_NO_COMMON_BLOCKS = YES;
				GCC_OPTIMIZATION_LEVEL = 0;
				GCC_PREPROCESSOR_DEFINITIONS = (
					"DEBUG=1",
					"$(inherited)",
				);
				GCC_WARN_64_TO_32_BIT_CONVERSION = YES;
				GCC_WARN_ABOUT_RETURN_TYPE = YES_ERROR;
				GCC_WARN_UNDECLARED_SELECTOR = YES;
				GCC_WARN_UNINITIALIZED_AUTOS = YES_AGGRESSIVE;
				GCC_WARN_UNUSED_FUNCTION = YES;
				GCC_WARN_UNUSED_VARIABLE = YES;
				IPHONEOS_DEPLOYMENT_TARGET = 11.4;
				MTL_ENABLE_DEBUG_INFO = YES;
				ONLY_ACTIVE_ARCH = YES;
				SDKROOT = iphoneos;
				SWIFT_ACTIVE_COMPILATION_CONDITIONS = DEBUG;
				SWIFT_OPTIMIZATION_LEVEL = "-Onone";
			};
			name = Debug;
		};
		880D3FBF20FCF4D2004F05F2 /* Release */ = {
			isa = XCBuildConfiguration;
			buildSettings = {
				ALWAYS_SEARCH_USER_PATHS = NO;
				CLANG_ANALYZER_NONNULL = YES;
				CLANG_ANALYZER_NUMBER_OBJECT_CONVERSION = YES_AGGRESSIVE;
				CLANG_CXX_LANGUAGE_STANDARD = "gnu++14";
				CLANG_CXX_LIBRARY = "libc++";
				CLANG_ENABLE_MODULES = YES;
				CLANG_ENABLE_OBJC_ARC = YES;
				CLANG_ENABLE_OBJC_WEAK = YES;
				CLANG_WARN_BLOCK_CAPTURE_AUTORELEASING = YES;
				CLANG_WARN_BOOL_CONVERSION = YES;
				CLANG_WARN_COMMA = YES;
				CLANG_WARN_CONSTANT_CONVERSION = YES;
				CLANG_WARN_DEPRECATED_OBJC_IMPLEMENTATIONS = YES;
				CLANG_WARN_DIRECT_OBJC_ISA_USAGE = YES_ERROR;
				CLANG_WARN_DOCUMENTATION_COMMENTS = YES;
				CLANG_WARN_EMPTY_BODY = YES;
				CLANG_WARN_ENUM_CONVERSION = YES;
				CLANG_WARN_INFINITE_RECURSION = YES;
				CLANG_WARN_INT_CONVERSION = YES;
				CLANG_WARN_NON_LITERAL_NULL_CONVERSION = YES;
				CLANG_WARN_OBJC_IMPLICIT_RETAIN_SELF = YES;
				CLANG_WARN_OBJC_LITERAL_CONVERSION = YES;
				CLANG_WARN_OBJC_ROOT_CLASS = YES_ERROR;
				CLANG_WARN_RANGE_LOOP_ANALYSIS = YES;
				CLANG_WARN_STRICT_PROTOTYPES = YES;
				CLANG_WARN_SUSPICIOUS_MOVE = YES;
				CLANG_WARN_UNGUARDED_AVAILABILITY = YES_AGGRESSIVE;
				CLANG_WARN_UNREACHABLE_CODE = YES;
				CLANG_WARN__DUPLICATE_METHOD_MATCH = YES;
				CODE_SIGN_IDENTITY = "iPhone Developer";
				COPY_PHASE_STRIP = NO;
				DEBUG_INFORMATION_FORMAT = "dwarf-with-dsym";
				ENABLE_NS_ASSERTIONS = NO;
				ENABLE_STRICT_OBJC_MSGSEND = YES;
				GCC_C_LANGUAGE_STANDARD = gnu11;
				GCC_NO_COMMON_BLOCKS = YES;
				GCC_WARN_64_TO_32_BIT_CONVERSION = YES;
				GCC_WARN_ABOUT_RETURN_TYPE = YES_ERROR;
				GCC_WARN_UNDECLARED_SELECTOR = YES;
				GCC_WARN_UNINITIALIZED_AUTOS = YES_AGGRESSIVE;
				GCC_WARN_UNUSED_FUNCTION = YES;
				GCC_WARN_UNUSED_VARIABLE = YES;
				IPHONEOS_DEPLOYMENT_TARGET = 11.4;
				MTL_ENABLE_DEBUG_INFO = NO;
				SDKROOT = iphoneos;
				SWIFT_COMPILATION_MODE = wholemodule;
				SWIFT_OPTIMIZATION_LEVEL = "-O";
				VALIDATE_PRODUCT = YES;
			};
			name = Release;
		};
		880D3FC120FCF4D2004F05F2 /* Debug */ = {
			isa = XCBuildConfiguration;
			buildSettings = {
				ASSETCATALOG_COMPILER_APPICON_NAME = AppIcon;
				CODE_SIGN_STYLE = Automatic;
				INFOPLIST_FILE = StanfordCourseApp/Info.plist;
				LD_RUNPATH_SEARCH_PATHS = (
					"$(inherited)",
					"@executable_path/Frameworks",
				);
				PRODUCT_BUNDLE_IDENTIFIER = com.smialko.StanfordCourseApp;
				PRODUCT_NAME = "$(TARGET_NAME)";
				SWIFT_VERSION = 4.0;
				TARGETED_DEVICE_FAMILY = "1,2";
			};
			name = Debug;
		};
		880D3FC220FCF4D2004F05F2 /* Release */ = {
			isa = XCBuildConfiguration;
			buildSettings = {
				ASSETCATALOG_COMPILER_APPICON_NAME = AppIcon;
				CODE_SIGN_STYLE = Automatic;
				INFOPLIST_FILE = StanfordCourseApp/Info.plist;
				LD_RUNPATH_SEARCH_PATHS = (
					"$(inherited)",
					"@executable_path/Frameworks",
				);
				PRODUCT_BUNDLE_IDENTIFIER = com.smialko.StanfordCourseApp;
				PRODUCT_NAME = "$(TARGET_NAME)";
				SWIFT_VERSION = 4.0;
				TARGETED_DEVICE_FAMILY = "1,2";
			};
			name = Release;
		};
		880D3FC420FCF4D2004F05F2 /* Debug */ = {
			isa = XCBuildConfiguration;
			buildSettings = {
				ALWAYS_EMBED_SWIFT_STANDARD_LIBRARIES = YES;
				BUNDLE_LOADER = "$(TEST_HOST)";
				CODE_SIGN_STYLE = Automatic;
				INFOPLIST_FILE = StanfordCourseAppTests/Info.plist;
				LD_RUNPATH_SEARCH_PATHS = (
					"$(inherited)",
					"@executable_path/Frameworks",
					"@loader_path/Frameworks",
				);
				PRODUCT_BUNDLE_IDENTIFIER = com.smialko.StanfordCourseAppTests;
				PRODUCT_NAME = "$(TARGET_NAME)";
				SWIFT_VERSION = 4.0;
				TARGETED_DEVICE_FAMILY = "1,2";
				TEST_HOST = "$(BUILT_PRODUCTS_DIR)/StanfordCourseApp.app/StanfordCourseApp";
			};
			name = Debug;
		};
		880D3FC520FCF4D2004F05F2 /* Release */ = {
			isa = XCBuildConfiguration;
			buildSettings = {
				ALWAYS_EMBED_SWIFT_STANDARD_LIBRARIES = YES;
				BUNDLE_LOADER = "$(TEST_HOST)";
				CODE_SIGN_STYLE = Automatic;
				INFOPLIST_FILE = StanfordCourseAppTests/Info.plist;
				LD_RUNPATH_SEARCH_PATHS = (
					"$(inherited)",
					"@executable_path/Frameworks",
					"@loader_path/Frameworks",
				);
				PRODUCT_BUNDLE_IDENTIFIER = com.smialko.StanfordCourseAppTests;
				PRODUCT_NAME = "$(TARGET_NAME)";
				SWIFT_VERSION = 4.0;
				TARGETED_DEVICE_FAMILY = "1,2";
				TEST_HOST = "$(BUILT_PRODUCTS_DIR)/StanfordCourseApp.app/StanfordCourseApp";
			};
			name = Release;
		};
		880D3FC720FCF4D2004F05F2 /* Debug */ = {
			isa = XCBuildConfiguration;
			buildSettings = {
				ALWAYS_EMBED_SWIFT_STANDARD_LIBRARIES = YES;
				CODE_SIGN_STYLE = Automatic;
				INFOPLIST_FILE = StanfordCourseAppUITests/Info.plist;
				LD_RUNPATH_SEARCH_PATHS = (
					"$(inherited)",
					"@executable_path/Frameworks",
					"@loader_path/Frameworks",
				);
				PRODUCT_BUNDLE_IDENTIFIER = com.smialko.StanfordCourseAppUITests;
				PRODUCT_NAME = "$(TARGET_NAME)";
				SWIFT_VERSION = 4.0;
				TARGETED_DEVICE_FAMILY = "1,2";
				TEST_TARGET_NAME = StanfordCourseApp;
			};
			name = Debug;
		};
		880D3FC820FCF4D2004F05F2 /* Release */ = {
			isa = XCBuildConfiguration;
			buildSettings = {
				ALWAYS_EMBED_SWIFT_STANDARD_LIBRARIES = YES;
				CODE_SIGN_STYLE = Automatic;
				INFOPLIST_FILE = StanfordCourseAppUITests/Info.plist;
				LD_RUNPATH_SEARCH_PATHS = (
					"$(inherited)",
					"@executable_path/Frameworks",
					"@loader_path/Frameworks",
				);
				PRODUCT_BUNDLE_IDENTIFIER = com.smialko.StanfordCourseAppUITests;
				PRODUCT_NAME = "$(TARGET_NAME)";
				SWIFT_VERSION = 4.0;
				TARGETED_DEVICE_FAMILY = "1,2";
				TEST_TARGET_NAME = StanfordCourseApp;
			};
			name = Release;
		};
/* End XCBuildConfiguration section */

/* Begin XCConfigurationList section */
		880D3F9320FCF4CF004F05F2 /* Build configuration list for PBXProject "StanfordCourseApp" */ = {
			isa = XCConfigurationList;
			buildConfigurations = (
				880D3FBE20FCF4D2004F05F2 /* Debug */,
				880D3FBF20FCF4D2004F05F2 /* Release */,
			);
			defaultConfigurationIsVisible = 0;
			defaultConfigurationName = Release;
		};
		880D3FC020FCF4D2004F05F2 /* Build configuration list for PBXNativeTarget "StanfordCourseApp" */ = {
			isa = XCConfigurationList;
			buildConfigurations = (
				880D3FC120FCF4D2004F05F2 /* Debug */,
				880D3FC220FCF4D2004F05F2 /* Release */,
			);
			defaultConfigurationIsVisible = 0;
			defaultConfigurationName = Release;
		};
		880D3FC320FCF4D2004F05F2 /* Build configuration list for PBXNativeTarget "StanfordCourseAppTests" */ = {
			isa = XCConfigurationList;
			buildConfigurations = (
				880D3FC420FCF4D2004F05F2 /* Debug */,
				880D3FC520FCF4D2004F05F2 /* Release */,
			);
			defaultConfigurationIsVisible = 0;
			defaultConfigurationName = Release;
		};
		880D3FC620FCF4D2004F05F2 /* Build configuration list for PBXNativeTarget "StanfordCourseAppUITests" */ = {
			isa = XCConfigurationList;
			buildConfigurations = (
				880D3FC720FCF4D2004F05F2 /* Debug */,
				880D3FC820FCF4D2004F05F2 /* Release */,
			);
			defaultConfigurationIsVisible = 0;
			defaultConfigurationName = Release;
		};
/* End XCConfigurationList section */
	};
	rootObject = 880D3F9020FCF4CF004F05F2 /* Project object */;
}
